
Microsoft Visual Studio Solution File, Format Version 12.00
# Visual Studio Version 17
VisualStudioVersion = 17.0.32014.148
MinimumVisualStudioVersion = 10.0.40219.1
Project("{FAE04EC0-301F-11D3-BF4B-00C04F79EFBC}") = "01. Reverse Strings", "01. Reverse Strings\01. Reverse Strings.csproj", "{B78A9FBE-ECCB-4208-AB59-A3C45AC12B50}"
EndProject
Project("{FAE04EC0-301F-11D3-BF4B-00C04F79EFBC}") = "02. Repeat Strings", "02. Repeat Strings\02. Repeat Strings.csproj", "{80661630-17E9-4727-B2B5-649878BB1CEA}"
EndProject
Project("{FAE04EC0-301F-11D3-BF4B-00C04F79EFBC}") = "03. Substring", "03. Substring\03. Substring.csproj", "{82E1FA41-37FD-476F-A8E2-52882311D4CA}"
EndProject
Project("{FAE04EC0-301F-11D3-BF4B-00C04F79EFBC}") = "04. Text Filter", "04. Text Filter\04. Text Filter.csproj", "{DD793535-9140-424C-9A0B-357E5BAF0859}"
EndProject
Project("{FAE04EC0-301F-11D3-BF4B-00C04F79EFBC}") = "05. Digits, Letters and Other", "05. Digits, Letters and Other\05. Digits, Letters and Other.csproj", "{72E329E6-C7C4-49B1-B704-A43BC7197263}"
EndProject
Global
	GlobalSection(SolutionConfigurationPlatforms) = preSolution
		Debug|Any CPU = Debug|Any CPU
		Release|Any CPU = Release|Any CPU
	EndGlobalSection
	GlobalSection(ProjectConfigurationPlatforms) = postSolution
		{B78A9FBE-ECCB-4208-AB59-A3C45AC12B50}.Debug|Any CPU.ActiveCfg = Debug|Any CPU
		{B78A9FBE-ECCB-4208-AB59-A3C45AC12B50}.Debug|Any CPU.Build.0 = Debug|Any CPU
		{B78A9FBE-ECCB-4208-AB59-A3C45AC12B50}.Release|Any CPU.ActiveCfg = Release|Any CPU
		{B78A9FBE-ECCB-4208-AB59-A3C45AC12B50}.Release|Any CPU.Build.0 = Release|Any CPU
		{80661630-17E9-4727-B2B5-649878BB1CEA}.Debug|Any CPU.ActiveCfg = Debug|Any CPU
		{80661630-17E9-4727-B2B5-649878BB1CEA}.Debug|Any CPU.Build.0 = Debug|Any CPU
		{80661630-17E9-4727-B2B5-649878BB1CEA}.Release|Any CPU.ActiveCfg = Release|Any CPU
		{80661630-17E9-4727-B2B5-649878BB1CEA}.Release|Any CPU.Build.0 = Release|Any CPU
		{82E1FA41-37FD-476F-A8E2-52882311D4CA}.Debug|Any CPU.ActiveCfg = Debug|Any CPU
		{82E1FA41-37FD-476F-A8E2-52882311D4CA}.Debug|Any CPU.Build.0 = Debug|Any CPU
		{82E1FA41-37FD-476F-A8E2-52882311D4CA}.Release|Any CPU.ActiveCfg = Release|Any CPU
		{82E1FA41-37FD-476F-A8E2-52882311D4CA}.Release|Any CPU.Build.0 = Release|Any CPU
		{DD793535-9140-424C-9A0B-357E5BAF0859}.Debug|Any CPU.ActiveCfg = Debug|Any CPU
		{DD793535-9140-424C-9A0B-357E5BAF0859}.Debug|Any CPU.Build.0 = Debug|Any CPU
		{DD793535-9140-424C-9A0B-357E5BAF0859}.Release|Any CPU.ActiveCfg = Release|Any CPU
		{DD793535-9140-424C-9A0B-357E5BAF0859}.Release|Any CPU.Build.0 = Release|Any CPU
		{72E329E6-C7C4-49B1-B704-A43BC7197263}.Debug|Any CPU.ActiveCfg = Debug|Any CPU
		{72E329E6-C7C4-49B1-B704-A43BC7197263}.Debug|Any CPU.Build.0 = Debug|Any CPU
		{72E329E6-C7C4-49B1-B704-A43BC7197263}.Release|Any CPU.ActiveCfg = Release|Any CPU
		{72E329E6-C7C4-49B1-B704-A43BC7197263}.Release|Any CPU.Build.0 = Release|Any CPU
	EndGlobalSection
	GlobalSection(SolutionProperties) = preSolution
		HideSolutionNode = FALSE
	EndGlobalSection
	GlobalSection(ExtensibilityGlobals) = postSolution
		SolutionGuid = {C27079D2-88A1-41F8-B3A3-0613684937F7}
	EndGlobalSection
EndGlobal
