
Microsoft Visual Studio Solution File, Format Version 12.00
# Visual Studio Version 17
VisualStudioVersion = 17.0.32014.148
MinimumVisualStudioVersion = 10.0.40219.1
Project("{FAE04EC0-301F-11D3-BF4B-00C04F79EFBC}") = "01. Count Real Numbers", "01. Count Real Numbers\01. Count Real Numbers.csproj", "{F245E780-67C6-4A8F-A80C-8E9FDBA78371}"
EndProject
Project("{FAE04EC0-301F-11D3-BF4B-00C04F79EFBC}") = "02. Odd Occurrences", "02. Odd Occurrences\02. Odd Occurrences.csproj", "{15C9A2B7-316F-4E0F-83E0-AE8D67BECA80}"
EndProject
Project("{FAE04EC0-301F-11D3-BF4B-00C04F79EFBC}") = "03. Word Synonyms", "03. Word Synonyms\03. Word Synonyms.csproj", "{8B0FC969-3530-46B1-8267-6F2F9FD4CC3B}"
EndProject
Project("{FAE04EC0-301F-11D3-BF4B-00C04F79EFBC}") = "04. Word Filter", "04. Word Filter\04. Word Filter.csproj", "{7C4389EC-9C9E-40B0-86C5-7D428B304351}"
EndProject
Project("{FAE04EC0-301F-11D3-BF4B-00C04F79EFBC}") = "Exercise01. Count Chars in a String", "01. Count Chars in a String\Exercise01. Count Chars in a String.csproj", "{801AAA0B-7A26-423E-8147-3CBBE5FCA155}"
EndProject
Project("{FAE04EC0-301F-11D3-BF4B-00C04F79EFBC}") = "Exercise02. A Miner Task", "Exercise02. A Miner Task\Exercise02. A Miner Task.csproj", "{99FEC49B-7EB0-4239-8F84-D5442F9C18BF}"
EndProject
Project("{FAE04EC0-301F-11D3-BF4B-00C04F79EFBC}") = "Exercise03. Legendary Farming", "Exercise03. Legendary Farming\Exercise03. Legendary Farming.csproj", "{3675C141-37B4-4C58-BAB3-6E584457363D}"
EndProject
Project("{FAE04EC0-301F-11D3-BF4B-00C04F79EFBC}") = "Exercise04. Orders", "Exercise04. Orders\Exercise04. Orders.csproj", "{5748F05E-16D5-4CEC-A618-02E2BE50B6D8}"
EndProject
Project("{FAE04EC0-301F-11D3-BF4B-00C04F79EFBC}") = "Exercise05. SoftUni Parking", "Exercise05. SoftUni Parking\Exercise05. SoftUni Parking.csproj", "{DA5A7F25-9917-4B49-86AA-34EF5ADED9B2}"
EndProject
Project("{FAE04EC0-301F-11D3-BF4B-00C04F79EFBC}") = "Exercise06. Courses", "Exercise06. Courses\Exercise06. Courses.csproj", "{D471A3B1-A5B8-4FE0-A828-1D0291BCF9B3}"
EndProject
Project("{FAE04EC0-301F-11D3-BF4B-00C04F79EFBC}") = "Exercise07. Student Academy", "Exercise07. Student Academy\Exercise07. Student Academy.csproj", "{D754777E-65AF-4958-BE93-44C27319220F}"
EndProject
Project("{FAE04EC0-301F-11D3-BF4B-00C04F79EFBC}") = "Exercise08. Company Users", "Exercise08. Company Users\Exercise08. Company Users.csproj", "{C497C9F7-DE10-47BA-9CF6-C0129167BE85}"
EndProject
Global
	GlobalSection(SolutionConfigurationPlatforms) = preSolution
		Debug|Any CPU = Debug|Any CPU
		Release|Any CPU = Release|Any CPU
	EndGlobalSection
	GlobalSection(ProjectConfigurationPlatforms) = postSolution
		{F245E780-67C6-4A8F-A80C-8E9FDBA78371}.Debug|Any CPU.ActiveCfg = Debug|Any CPU
		{F245E780-67C6-4A8F-A80C-8E9FDBA78371}.Debug|Any CPU.Build.0 = Debug|Any CPU
		{F245E780-67C6-4A8F-A80C-8E9FDBA78371}.Release|Any CPU.ActiveCfg = Release|Any CPU
		{F245E780-67C6-4A8F-A80C-8E9FDBA78371}.Release|Any CPU.Build.0 = Release|Any CPU
		{15C9A2B7-316F-4E0F-83E0-AE8D67BECA80}.Debug|Any CPU.ActiveCfg = Debug|Any CPU
		{15C9A2B7-316F-4E0F-83E0-AE8D67BECA80}.Debug|Any CPU.Build.0 = Debug|Any CPU
		{15C9A2B7-316F-4E0F-83E0-AE8D67BECA80}.Release|Any CPU.ActiveCfg = Release|Any CPU
		{15C9A2B7-316F-4E0F-83E0-AE8D67BECA80}.Release|Any CPU.Build.0 = Release|Any CPU
		{8B0FC969-3530-46B1-8267-6F2F9FD4CC3B}.Debug|Any CPU.ActiveCfg = Debug|Any CPU
		{8B0FC969-3530-46B1-8267-6F2F9FD4CC3B}.Debug|Any CPU.Build.0 = Debug|Any CPU
		{8B0FC969-3530-46B1-8267-6F2F9FD4CC3B}.Release|Any CPU.ActiveCfg = Release|Any CPU
		{8B0FC969-3530-46B1-8267-6F2F9FD4CC3B}.Release|Any CPU.Build.0 = Release|Any CPU
		{7C4389EC-9C9E-40B0-86C5-7D428B304351}.Debug|Any CPU.ActiveCfg = Debug|Any CPU
		{7C4389EC-9C9E-40B0-86C5-7D428B304351}.Debug|Any CPU.Build.0 = Debug|Any CPU
		{7C4389EC-9C9E-40B0-86C5-7D428B304351}.Release|Any CPU.ActiveCfg = Release|Any CPU
		{7C4389EC-9C9E-40B0-86C5-7D428B304351}.Release|Any CPU.Build.0 = Release|Any CPU
		{801AAA0B-7A26-423E-8147-3CBBE5FCA155}.Debug|Any CPU.ActiveCfg = Debug|Any CPU
		{801AAA0B-7A26-423E-8147-3CBBE5FCA155}.Debug|Any CPU.Build.0 = Debug|Any CPU
		{801AAA0B-7A26-423E-8147-3CBBE5FCA155}.Release|Any CPU.ActiveCfg = Release|Any CPU
		{801AAA0B-7A26-423E-8147-3CBBE5FCA155}.Release|Any CPU.Build.0 = Release|Any CPU
		{99FEC49B-7EB0-4239-8F84-D5442F9C18BF}.Debug|Any CPU.ActiveCfg = Debug|Any CPU
		{99FEC49B-7EB0-4239-8F84-D5442F9C18BF}.Debug|Any CPU.Build.0 = Debug|Any CPU
		{99FEC49B-7EB0-4239-8F84-D5442F9C18BF}.Release|Any CPU.ActiveCfg = Release|Any CPU
		{99FEC49B-7EB0-4239-8F84-D5442F9C18BF}.Release|Any CPU.Build.0 = Release|Any CPU
		{3675C141-37B4-4C58-BAB3-6E584457363D}.Debug|Any CPU.ActiveCfg = Debug|Any CPU
		{3675C141-37B4-4C58-BAB3-6E584457363D}.Debug|Any CPU.Build.0 = Debug|Any CPU
		{3675C141-37B4-4C58-BAB3-6E584457363D}.Release|Any CPU.ActiveCfg = Release|Any CPU
		{3675C141-37B4-4C58-BAB3-6E584457363D}.Release|Any CPU.Build.0 = Release|Any CPU
		{5748F05E-16D5-4CEC-A618-02E2BE50B6D8}.Debug|Any CPU.ActiveCfg = Debug|Any CPU
		{5748F05E-16D5-4CEC-A618-02E2BE50B6D8}.Debug|Any CPU.Build.0 = Debug|Any CPU
		{5748F05E-16D5-4CEC-A618-02E2BE50B6D8}.Release|Any CPU.ActiveCfg = Release|Any CPU
		{5748F05E-16D5-4CEC-A618-02E2BE50B6D8}.Release|Any CPU.Build.0 = Release|Any CPU
		{DA5A7F25-9917-4B49-86AA-34EF5ADED9B2}.Debug|Any CPU.ActiveCfg = Debug|Any CPU
		{DA5A7F25-9917-4B49-86AA-34EF5ADED9B2}.Debug|Any CPU.Build.0 = Debug|Any CPU
		{DA5A7F25-9917-4B49-86AA-34EF5ADED9B2}.Release|Any CPU.ActiveCfg = Release|Any CPU
		{DA5A7F25-9917-4B49-86AA-34EF5ADED9B2}.Release|Any CPU.Build.0 = Release|Any CPU
		{D471A3B1-A5B8-4FE0-A828-1D0291BCF9B3}.Debug|Any CPU.ActiveCfg = Debug|Any CPU
		{D471A3B1-A5B8-4FE0-A828-1D0291BCF9B3}.Debug|Any CPU.Build.0 = Debug|Any CPU
		{D471A3B1-A5B8-4FE0-A828-1D0291BCF9B3}.Release|Any CPU.ActiveCfg = Release|Any CPU
		{D471A3B1-A5B8-4FE0-A828-1D0291BCF9B3}.Release|Any CPU.Build.0 = Release|Any CPU
		{D754777E-65AF-4958-BE93-44C27319220F}.Debug|Any CPU.ActiveCfg = Debug|Any CPU
		{D754777E-65AF-4958-BE93-44C27319220F}.Debug|Any CPU.Build.0 = Debug|Any CPU
		{D754777E-65AF-4958-BE93-44C27319220F}.Release|Any CPU.ActiveCfg = Release|Any CPU
		{D754777E-65AF-4958-BE93-44C27319220F}.Release|Any CPU.Build.0 = Release|Any CPU
		{C497C9F7-DE10-47BA-9CF6-C0129167BE85}.Debug|Any CPU.ActiveCfg = Debug|Any CPU
		{C497C9F7-DE10-47BA-9CF6-C0129167BE85}.Debug|Any CPU.Build.0 = Debug|Any CPU
		{C497C9F7-DE10-47BA-9CF6-C0129167BE85}.Release|Any CPU.ActiveCfg = Release|Any CPU
		{C497C9F7-DE10-47BA-9CF6-C0129167BE85}.Release|Any CPU.Build.0 = Release|Any CPU
	EndGlobalSection
	GlobalSection(SolutionProperties) = preSolution
		HideSolutionNode = FALSE
	EndGlobalSection
	GlobalSection(ExtensibilityGlobals) = postSolution
		SolutionGuid = {E7266DD3-720A-4F6C-AC85-2F8CBE0490E4}
	EndGlobalSection
EndGlobal
