
Microsoft Visual Studio Solution File, Format Version 12.00
# Visual Studio Version 17
VisualStudioVersion = 17.0.32014.148
MinimumVisualStudioVersion = 10.0.40219.1
Project("{9A19103F-16F7-4668-BE54-9A1E7A4F7556}") = "01. Advertisement Message", "01. Advertisement Message\01. Advertisement Message.csproj", "{162548FA-CBCF-4EC5-B8FB-D4B6FD5A9D08}"
EndProject
Project("{9A19103F-16F7-4668-BE54-9A1E7A4F7556}") = "02. Articles", "02. Articles\02. Articles.csproj", "{F58D30FE-90DE-4DE0-86F8-48D7BA999349}"
EndProject
Project("{9A19103F-16F7-4668-BE54-9A1E7A4F7556}") = "03.Articles02", "03.Articles02\03.Articles02.csproj", "{BEBC2F9E-3573-46C1-AA4F-FD5729EFE0E1}"
EndProject
Project("{9A19103F-16F7-4668-BE54-9A1E7A4F7556}") = "04. Students", "04. Students\04. Students.csproj", "{547F0573-529A-4BA7-B831-A259BA27277B}"
EndProject
Project("{9A19103F-16F7-4668-BE54-9A1E7A4F7556}") = "05. Teamwork Projects", "05. Teamwork Projects\05. Teamwork Projects.csproj", "{6648F09D-8045-4B8F-B97E-B9F10911F0DE}"
EndProject
Project("{9A19103F-16F7-4668-BE54-9A1E7A4F7556}") = "06. Vehicle Catalogue", "06. Vehicle Catalogue\06. Vehicle Catalogue.csproj", "{6F743E79-6962-40DF-9310-EF9E4AD9BB97}"
EndProject
Project("{9A19103F-16F7-4668-BE54-9A1E7A4F7556}") = "07. Order by Age", "07. Order by Age\07. Order by Age.csproj", "{5ADFFDE0-98D6-4B87-8E76-9A3694B7215F}"
EndProject
Project("{9A19103F-16F7-4668-BE54-9A1E7A4F7556}") = "More Exercise01. Company Roster", "More Exercise01. Company Roster\More Exercise01. Company Roster.csproj", "{3B631A06-2514-449B-86D6-784DA4AAF4C7}"
EndProject
Project("{9A19103F-16F7-4668-BE54-9A1E7A4F7556}") = "More Exercise02. Oldest Family Member", "02. Oldest Family Member\More Exercise02. Oldest Family Member.csproj", "{FF12F182-5CE7-4C5F-861E-F4EC54D0EDCA}"
EndProject
Project("{9A19103F-16F7-4668-BE54-9A1E7A4F7556}") = "More Exercise03. Speed Racing", "More Exercise03. Speed Racing\More Exercise03. Speed Racing.csproj", "{C2D78DE2-6CED-4C04-913F-A695E5E68FC9}"
EndProject
Project("{9A19103F-16F7-4668-BE54-9A1E7A4F7556}") = "More Exercise04. Raw Data", "More Exercise04. Raw Data\More Exercise04. Raw Data.csproj", "{8E805300-CB3E-4966-A71E-ED03567E37F1}"
EndProject
Project("{FAE04EC0-301F-11D3-BF4B-00C04F79EFBC}") = "More Exercise05. Shopping Spree", "More Exercise05. Shopping Spree\More Exercise05. Shopping Spree.csproj", "{118D6F0C-E936-4B41-B4F3-54DFC72D5B56}"
EndProject
Global
	GlobalSection(SolutionConfigurationPlatforms) = preSolution
		Debug|Any CPU = Debug|Any CPU
		Release|Any CPU = Release|Any CPU
	EndGlobalSection
	GlobalSection(ProjectConfigurationPlatforms) = postSolution
		{162548FA-CBCF-4EC5-B8FB-D4B6FD5A9D08}.Debug|Any CPU.ActiveCfg = Debug|Any CPU
		{162548FA-CBCF-4EC5-B8FB-D4B6FD5A9D08}.Debug|Any CPU.Build.0 = Debug|Any CPU
		{162548FA-CBCF-4EC5-B8FB-D4B6FD5A9D08}.Release|Any CPU.ActiveCfg = Release|Any CPU
		{162548FA-CBCF-4EC5-B8FB-D4B6FD5A9D08}.Release|Any CPU.Build.0 = Release|Any CPU
		{F58D30FE-90DE-4DE0-86F8-48D7BA999349}.Debug|Any CPU.ActiveCfg = Debug|Any CPU
		{F58D30FE-90DE-4DE0-86F8-48D7BA999349}.Debug|Any CPU.Build.0 = Debug|Any CPU
		{F58D30FE-90DE-4DE0-86F8-48D7BA999349}.Release|Any CPU.ActiveCfg = Release|Any CPU
		{F58D30FE-90DE-4DE0-86F8-48D7BA999349}.Release|Any CPU.Build.0 = Release|Any CPU
		{BEBC2F9E-3573-46C1-AA4F-FD5729EFE0E1}.Debug|Any CPU.ActiveCfg = Debug|Any CPU
		{BEBC2F9E-3573-46C1-AA4F-FD5729EFE0E1}.Debug|Any CPU.Build.0 = Debug|Any CPU
		{BEBC2F9E-3573-46C1-AA4F-FD5729EFE0E1}.Release|Any CPU.ActiveCfg = Release|Any CPU
		{BEBC2F9E-3573-46C1-AA4F-FD5729EFE0E1}.Release|Any CPU.Build.0 = Release|Any CPU
		{547F0573-529A-4BA7-B831-A259BA27277B}.Debug|Any CPU.ActiveCfg = Debug|Any CPU
		{547F0573-529A-4BA7-B831-A259BA27277B}.Debug|Any CPU.Build.0 = Debug|Any CPU
		{547F0573-529A-4BA7-B831-A259BA27277B}.Release|Any CPU.ActiveCfg = Release|Any CPU
		{547F0573-529A-4BA7-B831-A259BA27277B}.Release|Any CPU.Build.0 = Release|Any CPU
		{6648F09D-8045-4B8F-B97E-B9F10911F0DE}.Debug|Any CPU.ActiveCfg = Debug|Any CPU
		{6648F09D-8045-4B8F-B97E-B9F10911F0DE}.Debug|Any CPU.Build.0 = Debug|Any CPU
		{6648F09D-8045-4B8F-B97E-B9F10911F0DE}.Release|Any CPU.ActiveCfg = Release|Any CPU
		{6648F09D-8045-4B8F-B97E-B9F10911F0DE}.Release|Any CPU.Build.0 = Release|Any CPU
		{6F743E79-6962-40DF-9310-EF9E4AD9BB97}.Debug|Any CPU.ActiveCfg = Debug|Any CPU
		{6F743E79-6962-40DF-9310-EF9E4AD9BB97}.Debug|Any CPU.Build.0 = Debug|Any CPU
		{6F743E79-6962-40DF-9310-EF9E4AD9BB97}.Release|Any CPU.ActiveCfg = Release|Any CPU
		{6F743E79-6962-40DF-9310-EF9E4AD9BB97}.Release|Any CPU.Build.0 = Release|Any CPU
		{5ADFFDE0-98D6-4B87-8E76-9A3694B7215F}.Debug|Any CPU.ActiveCfg = Debug|Any CPU
		{5ADFFDE0-98D6-4B87-8E76-9A3694B7215F}.Debug|Any CPU.Build.0 = Debug|Any CPU
		{5ADFFDE0-98D6-4B87-8E76-9A3694B7215F}.Release|Any CPU.ActiveCfg = Release|Any CPU
		{5ADFFDE0-98D6-4B87-8E76-9A3694B7215F}.Release|Any CPU.Build.0 = Release|Any CPU
		{3B631A06-2514-449B-86D6-784DA4AAF4C7}.Debug|Any CPU.ActiveCfg = Debug|Any CPU
		{3B631A06-2514-449B-86D6-784DA4AAF4C7}.Debug|Any CPU.Build.0 = Debug|Any CPU
		{3B631A06-2514-449B-86D6-784DA4AAF4C7}.Release|Any CPU.ActiveCfg = Release|Any CPU
		{3B631A06-2514-449B-86D6-784DA4AAF4C7}.Release|Any CPU.Build.0 = Release|Any CPU
		{FF12F182-5CE7-4C5F-861E-F4EC54D0EDCA}.Debug|Any CPU.ActiveCfg = Debug|Any CPU
		{FF12F182-5CE7-4C5F-861E-F4EC54D0EDCA}.Debug|Any CPU.Build.0 = Debug|Any CPU
		{FF12F182-5CE7-4C5F-861E-F4EC54D0EDCA}.Release|Any CPU.ActiveCfg = Release|Any CPU
		{FF12F182-5CE7-4C5F-861E-F4EC54D0EDCA}.Release|Any CPU.Build.0 = Release|Any CPU
		{C2D78DE2-6CED-4C04-913F-A695E5E68FC9}.Debug|Any CPU.ActiveCfg = Debug|Any CPU
		{C2D78DE2-6CED-4C04-913F-A695E5E68FC9}.Debug|Any CPU.Build.0 = Debug|Any CPU
		{C2D78DE2-6CED-4C04-913F-A695E5E68FC9}.Release|Any CPU.ActiveCfg = Release|Any CPU
		{C2D78DE2-6CED-4C04-913F-A695E5E68FC9}.Release|Any CPU.Build.0 = Release|Any CPU
		{8E805300-CB3E-4966-A71E-ED03567E37F1}.Debug|Any CPU.ActiveCfg = Debug|Any CPU
		{8E805300-CB3E-4966-A71E-ED03567E37F1}.Debug|Any CPU.Build.0 = Debug|Any CPU
		{8E805300-CB3E-4966-A71E-ED03567E37F1}.Release|Any CPU.ActiveCfg = Release|Any CPU
		{8E805300-CB3E-4966-A71E-ED03567E37F1}.Release|Any CPU.Build.0 = Release|Any CPU
		{118D6F0C-E936-4B41-B4F3-54DFC72D5B56}.Debug|Any CPU.ActiveCfg = Debug|Any CPU
		{118D6F0C-E936-4B41-B4F3-54DFC72D5B56}.Debug|Any CPU.Build.0 = Debug|Any CPU
		{118D6F0C-E936-4B41-B4F3-54DFC72D5B56}.Release|Any CPU.ActiveCfg = Release|Any CPU
		{118D6F0C-E936-4B41-B4F3-54DFC72D5B56}.Release|Any CPU.Build.0 = Release|Any CPU
	EndGlobalSection
	GlobalSection(SolutionProperties) = preSolution
		HideSolutionNode = FALSE
	EndGlobalSection
	GlobalSection(ExtensibilityGlobals) = postSolution
		SolutionGuid = {0E077ECE-D1AD-4B10-8B84-DFC943B96D33}
	EndGlobalSection
EndGlobal
