
Microsoft Visual Studio Solution File, Format Version 12.00
# Visual Studio Version 17
VisualStudioVersion = 17.0.32014.148
MinimumVisualStudioVersion = 10.0.40219.1
Project("{FAE04EC0-301F-11D3-BF4B-00C04F79EFBC}") = "01. Sort Numbers-", "01. Sort Numbers-\01. Sort Numbers-.csproj", "{2D6A53CB-C3EF-4005-B5E0-2C9E95355B6B}"
EndProject
Project("{FAE04EC0-301F-11D3-BF4B-00C04F79EFBC}") = "02. English Name of the Last", "02. English Name of the Last\02. English Name of the Last.csproj", "{CC2A45D9-F3F1-48B4-A425-F83EE3306A77}"
EndProject
Project("{FAE04EC0-301F-11D3-BF4B-00C04F79EFBC}") = "03. Gaming Store -", "03. Gaming Store -\03. Gaming Store -.csproj", "{0D72652D-7F7C-4ACC-A95C-426EEAA624F0}"
EndProject
Project("{FAE04EC0-301F-11D3-BF4B-00C04F79EFBC}") = "04. Reverse String-", "04. Reverse String-\04. Reverse String-.csproj", "{934D2075-70C1-499F-9C82-485FF79DE5EA}"
EndProject
Project("{FAE04EC0-301F-11D3-BF4B-00C04F79EFBC}") = "Mesages", "Mesages\Mesages.csproj", "{1BD61B07-4ACA-42B6-903F-2A0C611B2608}"
EndProject
Global
	GlobalSection(SolutionConfigurationPlatforms) = preSolution
		Debug|Any CPU = Debug|Any CPU
		Release|Any CPU = Release|Any CPU
	EndGlobalSection
	GlobalSection(ProjectConfigurationPlatforms) = postSolution
		{2D6A53CB-C3EF-4005-B5E0-2C9E95355B6B}.Debug|Any CPU.ActiveCfg = Debug|Any CPU
		{2D6A53CB-C3EF-4005-B5E0-2C9E95355B6B}.Debug|Any CPU.Build.0 = Debug|Any CPU
		{2D6A53CB-C3EF-4005-B5E0-2C9E95355B6B}.Release|Any CPU.ActiveCfg = Release|Any CPU
		{2D6A53CB-C3EF-4005-B5E0-2C9E95355B6B}.Release|Any CPU.Build.0 = Release|Any CPU
		{CC2A45D9-F3F1-48B4-A425-F83EE3306A77}.Debug|Any CPU.ActiveCfg = Debug|Any CPU
		{CC2A45D9-F3F1-48B4-A425-F83EE3306A77}.Debug|Any CPU.Build.0 = Debug|Any CPU
		{CC2A45D9-F3F1-48B4-A425-F83EE3306A77}.Release|Any CPU.ActiveCfg = Release|Any CPU
		{CC2A45D9-F3F1-48B4-A425-F83EE3306A77}.Release|Any CPU.Build.0 = Release|Any CPU
		{0D72652D-7F7C-4ACC-A95C-426EEAA624F0}.Debug|Any CPU.ActiveCfg = Debug|Any CPU
		{0D72652D-7F7C-4ACC-A95C-426EEAA624F0}.Debug|Any CPU.Build.0 = Debug|Any CPU
		{0D72652D-7F7C-4ACC-A95C-426EEAA624F0}.Release|Any CPU.ActiveCfg = Release|Any CPU
		{0D72652D-7F7C-4ACC-A95C-426EEAA624F0}.Release|Any CPU.Build.0 = Release|Any CPU
		{934D2075-70C1-499F-9C82-485FF79DE5EA}.Debug|Any CPU.ActiveCfg = Debug|Any CPU
		{934D2075-70C1-499F-9C82-485FF79DE5EA}.Debug|Any CPU.Build.0 = Debug|Any CPU
		{934D2075-70C1-499F-9C82-485FF79DE5EA}.Release|Any CPU.ActiveCfg = Release|Any CPU
		{934D2075-70C1-499F-9C82-485FF79DE5EA}.Release|Any CPU.Build.0 = Release|Any CPU
		{1BD61B07-4ACA-42B6-903F-2A0C611B2608}.Debug|Any CPU.ActiveCfg = Debug|Any CPU
		{1BD61B07-4ACA-42B6-903F-2A0C611B2608}.Debug|Any CPU.Build.0 = Debug|Any CPU
		{1BD61B07-4ACA-42B6-903F-2A0C611B2608}.Release|Any CPU.ActiveCfg = Release|Any CPU
		{1BD61B07-4ACA-42B6-903F-2A0C611B2608}.Release|Any CPU.Build.0 = Release|Any CPU
	EndGlobalSection
	GlobalSection(SolutionProperties) = preSolution
		HideSolutionNode = FALSE
	EndGlobalSection
	GlobalSection(ExtensibilityGlobals) = postSolution
		SolutionGuid = {85B57DDB-161B-4596-98D5-26BBC2DC25F7}
	EndGlobalSection
EndGlobal
