
Microsoft Visual Studio Solution File, Format Version 12.00
# Visual Studio Version 17
VisualStudioVersion = 17.0.32014.148
MinimumVisualStudioVersion = 10.0.40219.1
Project("{9A19103F-16F7-4668-BE54-9A1E7A4F7556}") = "01. World Tour", "01. World Tour\01. World Tour.csproj", "{6EA111F7-4B56-4782-8FD1-500C2884C34B}"
EndProject
Project("{9A19103F-16F7-4668-BE54-9A1E7A4F7556}") = "03. Plant Discovery", "02. Destination Mapper\03. Plant Discovery.csproj", "{7045C3A6-69DD-42A8-B534-946CDAA3E545}"
EndProject
Project("{FAE04EC0-301F-11D3-BF4B-00C04F79EFBC}") = "02. Destination Mapper 1", "02. Destination Mapper 1\02. Destination Mapper 1.csproj", "{ACF77B25-9851-425E-9A50-84481E4173E7}"
EndProject
Global
	GlobalSection(SolutionConfigurationPlatforms) = preSolution
		Debug|Any CPU = Debug|Any CPU
		Release|Any CPU = Release|Any CPU
	EndGlobalSection
	GlobalSection(ProjectConfigurationPlatforms) = postSolution
		{6EA111F7-4B56-4782-8FD1-500C2884C34B}.Debug|Any CPU.ActiveCfg = Debug|Any CPU
		{6EA111F7-4B56-4782-8FD1-500C2884C34B}.Debug|Any CPU.Build.0 = Debug|Any CPU
		{6EA111F7-4B56-4782-8FD1-500C2884C34B}.Release|Any CPU.ActiveCfg = Release|Any CPU
		{6EA111F7-4B56-4782-8FD1-500C2884C34B}.Release|Any CPU.Build.0 = Release|Any CPU
		{7045C3A6-69DD-42A8-B534-946CDAA3E545}.Debug|Any CPU.ActiveCfg = Debug|Any CPU
		{7045C3A6-69DD-42A8-B534-946CDAA3E545}.Debug|Any CPU.Build.0 = Debug|Any CPU
		{7045C3A6-69DD-42A8-B534-946CDAA3E545}.Release|Any CPU.ActiveCfg = Release|Any CPU
		{7045C3A6-69DD-42A8-B534-946CDAA3E545}.Release|Any CPU.Build.0 = Release|Any CPU
		{ACF77B25-9851-425E-9A50-84481E4173E7}.Debug|Any CPU.ActiveCfg = Debug|Any CPU
		{ACF77B25-9851-425E-9A50-84481E4173E7}.Debug|Any CPU.Build.0 = Debug|Any CPU
		{ACF77B25-9851-425E-9A50-84481E4173E7}.Release|Any CPU.ActiveCfg = Release|Any CPU
		{ACF77B25-9851-425E-9A50-84481E4173E7}.Release|Any CPU.Build.0 = Release|Any CPU
	EndGlobalSection
	GlobalSection(SolutionProperties) = preSolution
		HideSolutionNode = FALSE
	EndGlobalSection
	GlobalSection(ExtensibilityGlobals) = postSolution
		SolutionGuid = {5EC82863-96EF-4C3B-ABEE-FC7CF246B3BD}
	EndGlobalSection
EndGlobal
