
Microsoft Visual Studio Solution File, Format Version 12.00
# Visual Studio Version 17
VisualStudioVersion = 17.1.32228.430
MinimumVisualStudioVersion = 10.0.40219.1
Project("{9A19103F-16F7-4668-BE54-9A1E7A4F7556}") = "Winning Ticket", "Winning Ticket\Winning Ticket.csproj", "{AA3C3FD9-E815-4146-9977-AA3242DD5156}"
EndProject
Project("{9A19103F-16F7-4668-BE54-9A1E7A4F7556}") = "2. Rage Quit", "2. Rage Quit\2. Rage Quit.csproj", "{6067BBEC-8437-434F-BA9D-A8CE26C853E4}"
EndProject
Project("{9A19103F-16F7-4668-BE54-9A1E7A4F7556}") = "3. Post Office", "3. Post Office\3. Post Office.csproj", "{21AF7564-20F0-4109-9FA9-092A5A6950BD}"
EndProject
Project("{9A19103F-16F7-4668-BE54-9A1E7A4F7556}") = "4. Santa's Secret Helper", "4. Santa's Secret Helper\4. Santa's Secret Helper.csproj", "{23D4E88A-4DC0-4631-84F2-10C743340F5C}"
EndProject
Project("{FAE04EC0-301F-11D3-BF4B-00C04F79EFBC}") = "04. Santa's New List", "04. Santa's New List\04. Santa's New List.csproj", "{FE983FE2-6906-411D-8762-7E311F5FB550}"
EndProject
Project("{FAE04EC0-301F-11D3-BF4B-00C04F79EFBC}") = "01. Santa's Cookies", "01. Santa's Cookies\01. Santa's Cookies.csproj", "{A71A3B92-0024-4784-9C1E-24BD2EA458A2}"
EndProject
Global
	GlobalSection(SolutionConfigurationPlatforms) = preSolution
		Debug|Any CPU = Debug|Any CPU
		Release|Any CPU = Release|Any CPU
	EndGlobalSection
	GlobalSection(ProjectConfigurationPlatforms) = postSolution
		{AA3C3FD9-E815-4146-9977-AA3242DD5156}.Debug|Any CPU.ActiveCfg = Debug|Any CPU
		{AA3C3FD9-E815-4146-9977-AA3242DD5156}.Debug|Any CPU.Build.0 = Debug|Any CPU
		{AA3C3FD9-E815-4146-9977-AA3242DD5156}.Release|Any CPU.ActiveCfg = Release|Any CPU
		{AA3C3FD9-E815-4146-9977-AA3242DD5156}.Release|Any CPU.Build.0 = Release|Any CPU
		{6067BBEC-8437-434F-BA9D-A8CE26C853E4}.Debug|Any CPU.ActiveCfg = Debug|Any CPU
		{6067BBEC-8437-434F-BA9D-A8CE26C853E4}.Debug|Any CPU.Build.0 = Debug|Any CPU
		{6067BBEC-8437-434F-BA9D-A8CE26C853E4}.Release|Any CPU.ActiveCfg = Release|Any CPU
		{6067BBEC-8437-434F-BA9D-A8CE26C853E4}.Release|Any CPU.Build.0 = Release|Any CPU
		{21AF7564-20F0-4109-9FA9-092A5A6950BD}.Debug|Any CPU.ActiveCfg = Debug|Any CPU
		{21AF7564-20F0-4109-9FA9-092A5A6950BD}.Debug|Any CPU.Build.0 = Debug|Any CPU
		{21AF7564-20F0-4109-9FA9-092A5A6950BD}.Release|Any CPU.ActiveCfg = Release|Any CPU
		{21AF7564-20F0-4109-9FA9-092A5A6950BD}.Release|Any CPU.Build.0 = Release|Any CPU
		{23D4E88A-4DC0-4631-84F2-10C743340F5C}.Debug|Any CPU.ActiveCfg = Debug|Any CPU
		{23D4E88A-4DC0-4631-84F2-10C743340F5C}.Debug|Any CPU.Build.0 = Debug|Any CPU
		{23D4E88A-4DC0-4631-84F2-10C743340F5C}.Release|Any CPU.ActiveCfg = Release|Any CPU
		{23D4E88A-4DC0-4631-84F2-10C743340F5C}.Release|Any CPU.Build.0 = Release|Any CPU
		{FE983FE2-6906-411D-8762-7E311F5FB550}.Debug|Any CPU.ActiveCfg = Debug|Any CPU
		{FE983FE2-6906-411D-8762-7E311F5FB550}.Debug|Any CPU.Build.0 = Debug|Any CPU
		{FE983FE2-6906-411D-8762-7E311F5FB550}.Release|Any CPU.ActiveCfg = Release|Any CPU
		{FE983FE2-6906-411D-8762-7E311F5FB550}.Release|Any CPU.Build.0 = Release|Any CPU
		{A71A3B92-0024-4784-9C1E-24BD2EA458A2}.Debug|Any CPU.ActiveCfg = Debug|Any CPU
		{A71A3B92-0024-4784-9C1E-24BD2EA458A2}.Debug|Any CPU.Build.0 = Debug|Any CPU
		{A71A3B92-0024-4784-9C1E-24BD2EA458A2}.Release|Any CPU.ActiveCfg = Release|Any CPU
		{A71A3B92-0024-4784-9C1E-24BD2EA458A2}.Release|Any CPU.Build.0 = Release|Any CPU
	EndGlobalSection
	GlobalSection(SolutionProperties) = preSolution
		HideSolutionNode = FALSE
	EndGlobalSection
	GlobalSection(ExtensibilityGlobals) = postSolution
		SolutionGuid = {A53356FD-C6E7-4869-8EC8-C376C91D5A7C}
	EndGlobalSection
EndGlobal
