
Microsoft Visual Studio Solution File, Format Version 12.00
# Visual Studio Version 17
VisualStudioVersion = 17.0.32014.148
MinimumVisualStudioVersion = 10.0.40219.1
Project("{9A19103F-16F7-4668-BE54-9A1E7A4F7556}") = "01. Student Information", "01. Student Information\01. Student Information.csproj", "{ADDD6EA8-2E3A-4797-9E1B-7EBF95E62E7C}"
EndProject
Project("{9A19103F-16F7-4668-BE54-9A1E7A4F7556}") = "02. Passed 1", "02. Passed 1\02. Passed 1.csproj", "{96BDE562-373B-4998-AABD-441A289838BA}"
EndProject
Project("{FAE04EC0-301F-11D3-BF4B-00C04F79EFBC}") = "03. Passed or Failed 1", "03. Passed or Failed 1\03. Passed or Failed 1.csproj", "{539C3662-05E0-45E1-800D-75512F00584E}"
EndProject
Project("{FAE04EC0-301F-11D3-BF4B-00C04F79EFBC}") = "04. Back In 30 Minutes1", "04. Back In 30 Minutes1\04. Back In 30 Minutes1.csproj", "{389FDDB9-DAE6-40E2-8CA3-6E345F6BCFE2}"
EndProject
Project("{FAE04EC0-301F-11D3-BF4B-00C04F79EFBC}") = "05. Month Printer 1", "05. Month Printer 1\05. Month Printer 1.csproj", "{29CF0834-E50B-4EEB-92B2-41BDB587D047}"
EndProject
Project("{FAE04EC0-301F-11D3-BF4B-00C04F79EFBC}") = "06. Foreign Languages1", "06. Foreign Languages1\06. Foreign Languages1.csproj", "{1095AADF-4BB6-495E-8651-0FA2950FBDE2}"
EndProject
Project("{FAE04EC0-301F-11D3-BF4B-00C04F79EFBC}") = "07. Theatre Promotion1", "07. Theatre Promotion1\07. Theatre Promotion1.csproj", "{9623C4AA-DF04-434C-B268-CDD26F08152B}"
EndProject
Project("{FAE04EC0-301F-11D3-BF4B-00C04F79EFBC}") = "08. Divisible by 3 -", "08. Divisible by 3 -\08. Divisible by 3 -.csproj", "{A2230CBE-840A-455B-8219-78004E35A7F0}"
EndProject
Project("{FAE04EC0-301F-11D3-BF4B-00C04F79EFBC}") = "09. Sum of Odd Numbers -", "09. Sum of Odd Numbers -\09. Sum of Odd Numbers -.csproj", "{F004173A-5DDE-4D98-B21A-11E40CD09D9C}"
EndProject
Project("{FAE04EC0-301F-11D3-BF4B-00C04F79EFBC}") = "10. Multiplication Table 1", "10. Multiplication Table 1\10. Multiplication Table 1.csproj", "{7F7CBCDE-B486-4977-97BB-40E32EC567AA}"
EndProject
Project("{FAE04EC0-301F-11D3-BF4B-00C04F79EFBC}") = "12. Even Number 1", "12. Even Number 1\12. Even Number 1.csproj", "{E3499CB9-DA8C-4422-868E-582483D95694}"
EndProject
Project("{FAE04EC0-301F-11D3-BF4B-00C04F79EFBC}") = "13. Holidays Between Two Dates -", "13. Holidays Between Two Dates -\13. Holidays Between Two Dates -.csproj", "{D7DFC91F-EC38-411D-9EDA-27BC33545D09}"
EndProject
Project("{FAE04EC0-301F-11D3-BF4B-00C04F79EFBC}") = "11. Orders", "11. Orders\11. Orders.csproj", "{3F96F289-A1C3-4E52-983C-66E233A9BF88}"
EndProject
Global
	GlobalSection(SolutionConfigurationPlatforms) = preSolution
		Debug|Any CPU = Debug|Any CPU
		Release|Any CPU = Release|Any CPU
	EndGlobalSection
	GlobalSection(ProjectConfigurationPlatforms) = postSolution
		{ADDD6EA8-2E3A-4797-9E1B-7EBF95E62E7C}.Debug|Any CPU.ActiveCfg = Debug|Any CPU
		{ADDD6EA8-2E3A-4797-9E1B-7EBF95E62E7C}.Debug|Any CPU.Build.0 = Debug|Any CPU
		{ADDD6EA8-2E3A-4797-9E1B-7EBF95E62E7C}.Release|Any CPU.ActiveCfg = Release|Any CPU
		{ADDD6EA8-2E3A-4797-9E1B-7EBF95E62E7C}.Release|Any CPU.Build.0 = Release|Any CPU
		{96BDE562-373B-4998-AABD-441A289838BA}.Debug|Any CPU.ActiveCfg = Debug|Any CPU
		{96BDE562-373B-4998-AABD-441A289838BA}.Debug|Any CPU.Build.0 = Debug|Any CPU
		{96BDE562-373B-4998-AABD-441A289838BA}.Release|Any CPU.ActiveCfg = Release|Any CPU
		{96BDE562-373B-4998-AABD-441A289838BA}.Release|Any CPU.Build.0 = Release|Any CPU
		{539C3662-05E0-45E1-800D-75512F00584E}.Debug|Any CPU.ActiveCfg = Debug|Any CPU
		{539C3662-05E0-45E1-800D-75512F00584E}.Debug|Any CPU.Build.0 = Debug|Any CPU
		{539C3662-05E0-45E1-800D-75512F00584E}.Release|Any CPU.ActiveCfg = Release|Any CPU
		{539C3662-05E0-45E1-800D-75512F00584E}.Release|Any CPU.Build.0 = Release|Any CPU
		{389FDDB9-DAE6-40E2-8CA3-6E345F6BCFE2}.Debug|Any CPU.ActiveCfg = Debug|Any CPU
		{389FDDB9-DAE6-40E2-8CA3-6E345F6BCFE2}.Debug|Any CPU.Build.0 = Debug|Any CPU
		{389FDDB9-DAE6-40E2-8CA3-6E345F6BCFE2}.Release|Any CPU.ActiveCfg = Release|Any CPU
		{389FDDB9-DAE6-40E2-8CA3-6E345F6BCFE2}.Release|Any CPU.Build.0 = Release|Any CPU
		{29CF0834-E50B-4EEB-92B2-41BDB587D047}.Debug|Any CPU.ActiveCfg = Debug|Any CPU
		{29CF0834-E50B-4EEB-92B2-41BDB587D047}.Debug|Any CPU.Build.0 = Debug|Any CPU
		{29CF0834-E50B-4EEB-92B2-41BDB587D047}.Release|Any CPU.ActiveCfg = Release|Any CPU
		{29CF0834-E50B-4EEB-92B2-41BDB587D047}.Release|Any CPU.Build.0 = Release|Any CPU
		{1095AADF-4BB6-495E-8651-0FA2950FBDE2}.Debug|Any CPU.ActiveCfg = Debug|Any CPU
		{1095AADF-4BB6-495E-8651-0FA2950FBDE2}.Debug|Any CPU.Build.0 = Debug|Any CPU
		{1095AADF-4BB6-495E-8651-0FA2950FBDE2}.Release|Any CPU.ActiveCfg = Release|Any CPU
		{1095AADF-4BB6-495E-8651-0FA2950FBDE2}.Release|Any CPU.Build.0 = Release|Any CPU
		{9623C4AA-DF04-434C-B268-CDD26F08152B}.Debug|Any CPU.ActiveCfg = Debug|Any CPU
		{9623C4AA-DF04-434C-B268-CDD26F08152B}.Debug|Any CPU.Build.0 = Debug|Any CPU
		{9623C4AA-DF04-434C-B268-CDD26F08152B}.Release|Any CPU.ActiveCfg = Release|Any CPU
		{9623C4AA-DF04-434C-B268-CDD26F08152B}.Release|Any CPU.Build.0 = Release|Any CPU
		{A2230CBE-840A-455B-8219-78004E35A7F0}.Debug|Any CPU.ActiveCfg = Debug|Any CPU
		{A2230CBE-840A-455B-8219-78004E35A7F0}.Debug|Any CPU.Build.0 = Debug|Any CPU
		{A2230CBE-840A-455B-8219-78004E35A7F0}.Release|Any CPU.ActiveCfg = Release|Any CPU
		{A2230CBE-840A-455B-8219-78004E35A7F0}.Release|Any CPU.Build.0 = Release|Any CPU
		{F004173A-5DDE-4D98-B21A-11E40CD09D9C}.Debug|Any CPU.ActiveCfg = Debug|Any CPU
		{F004173A-5DDE-4D98-B21A-11E40CD09D9C}.Debug|Any CPU.Build.0 = Debug|Any CPU
		{F004173A-5DDE-4D98-B21A-11E40CD09D9C}.Release|Any CPU.ActiveCfg = Release|Any CPU
		{F004173A-5DDE-4D98-B21A-11E40CD09D9C}.Release|Any CPU.Build.0 = Release|Any CPU
		{7F7CBCDE-B486-4977-97BB-40E32EC567AA}.Debug|Any CPU.ActiveCfg = Debug|Any CPU
		{7F7CBCDE-B486-4977-97BB-40E32EC567AA}.Debug|Any CPU.Build.0 = Debug|Any CPU
		{7F7CBCDE-B486-4977-97BB-40E32EC567AA}.Release|Any CPU.ActiveCfg = Release|Any CPU
		{7F7CBCDE-B486-4977-97BB-40E32EC567AA}.Release|Any CPU.Build.0 = Release|Any CPU
		{E3499CB9-DA8C-4422-868E-582483D95694}.Debug|Any CPU.ActiveCfg = Debug|Any CPU
		{E3499CB9-DA8C-4422-868E-582483D95694}.Debug|Any CPU.Build.0 = Debug|Any CPU
		{E3499CB9-DA8C-4422-868E-582483D95694}.Release|Any CPU.ActiveCfg = Release|Any CPU
		{E3499CB9-DA8C-4422-868E-582483D95694}.Release|Any CPU.Build.0 = Release|Any CPU
		{D7DFC91F-EC38-411D-9EDA-27BC33545D09}.Debug|Any CPU.ActiveCfg = Debug|Any CPU
		{D7DFC91F-EC38-411D-9EDA-27BC33545D09}.Debug|Any CPU.Build.0 = Debug|Any CPU
		{D7DFC91F-EC38-411D-9EDA-27BC33545D09}.Release|Any CPU.ActiveCfg = Release|Any CPU
		{D7DFC91F-EC38-411D-9EDA-27BC33545D09}.Release|Any CPU.Build.0 = Release|Any CPU
		{3F96F289-A1C3-4E52-983C-66E233A9BF88}.Debug|Any CPU.ActiveCfg = Debug|Any CPU
		{3F96F289-A1C3-4E52-983C-66E233A9BF88}.Debug|Any CPU.Build.0 = Debug|Any CPU
		{3F96F289-A1C3-4E52-983C-66E233A9BF88}.Release|Any CPU.ActiveCfg = Release|Any CPU
		{3F96F289-A1C3-4E52-983C-66E233A9BF88}.Release|Any CPU.Build.0 = Release|Any CPU
	EndGlobalSection
	GlobalSection(SolutionProperties) = preSolution
		HideSolutionNode = FALSE
	EndGlobalSection
	GlobalSection(ExtensibilityGlobals) = postSolution
		SolutionGuid = {C4B789E1-9378-408B-9D00-DAE9D39DE461}
	EndGlobalSection
EndGlobal
