
Microsoft Visual Studio Solution File, Format Version 12.00
# Visual Studio Version 17
VisualStudioVersion = 17.0.32014.148
MinimumVisualStudioVersion = 10.0.40219.1
Project("{9A19103F-16F7-4668-BE54-9A1E7A4F7556}") = "Activation Keys", "Activation Keys\Activation Keys.csproj", "{D59FD8F4-0B15-47E7-8080-A914DA12CAC7}"
EndProject
Project("{9A19103F-16F7-4668-BE54-9A1E7A4F7556}") = "03. P!rates", "03. P!rates\03. P!rates.csproj", "{FD3F7066-2082-4322-9F72-99FB688EB41B}"
EndProject
Project("{FAE04EC0-301F-11D3-BF4B-00C04F79EFBC}") = "02. Emoji Detector", "02. Emoji Detector\02. Emoji Detector.csproj", "{46E63C77-1DBB-4997-B2C3-DEF255F2B5E6}"
EndProject
Global
	GlobalSection(SolutionConfigurationPlatforms) = preSolution
		Debug|Any CPU = Debug|Any CPU
		Release|Any CPU = Release|Any CPU
	EndGlobalSection
	GlobalSection(ProjectConfigurationPlatforms) = postSolution
		{D59FD8F4-0B15-47E7-8080-A914DA12CAC7}.Debug|Any CPU.ActiveCfg = Debug|Any CPU
		{D59FD8F4-0B15-47E7-8080-A914DA12CAC7}.Debug|Any CPU.Build.0 = Debug|Any CPU
		{D59FD8F4-0B15-47E7-8080-A914DA12CAC7}.Release|Any CPU.ActiveCfg = Release|Any CPU
		{D59FD8F4-0B15-47E7-8080-A914DA12CAC7}.Release|Any CPU.Build.0 = Release|Any CPU
		{FD3F7066-2082-4322-9F72-99FB688EB41B}.Debug|Any CPU.ActiveCfg = Debug|Any CPU
		{FD3F7066-2082-4322-9F72-99FB688EB41B}.Debug|Any CPU.Build.0 = Debug|Any CPU
		{FD3F7066-2082-4322-9F72-99FB688EB41B}.Release|Any CPU.ActiveCfg = Release|Any CPU
		{FD3F7066-2082-4322-9F72-99FB688EB41B}.Release|Any CPU.Build.0 = Release|Any CPU
		{46E63C77-1DBB-4997-B2C3-DEF255F2B5E6}.Debug|Any CPU.ActiveCfg = Debug|Any CPU
		{46E63C77-1DBB-4997-B2C3-DEF255F2B5E6}.Debug|Any CPU.Build.0 = Debug|Any CPU
		{46E63C77-1DBB-4997-B2C3-DEF255F2B5E6}.Release|Any CPU.ActiveCfg = Release|Any CPU
		{46E63C77-1DBB-4997-B2C3-DEF255F2B5E6}.Release|Any CPU.Build.0 = Release|Any CPU
	EndGlobalSection
	GlobalSection(SolutionProperties) = preSolution
		HideSolutionNode = FALSE
	EndGlobalSection
	GlobalSection(ExtensibilityGlobals) = postSolution
		SolutionGuid = {E5086CCE-D7F6-403E-A504-AB0A6E9F17D9}
	EndGlobalSection
EndGlobal
