
Microsoft Visual Studio Solution File, Format Version 12.00
# Visual Studio Version 17
VisualStudioVersion = 17.0.32014.148
MinimumVisualStudioVersion = 10.0.40219.1
Project("{FAE04EC0-301F-11D3-BF4B-00C04F79EFBC}") = "01. Ranking", "01. Ranking\01. Ranking.csproj", "{1E2FF280-B930-4AED-9EE9-09B1936E6EE2}"
EndProject
Project("{FAE04EC0-301F-11D3-BF4B-00C04F79EFBC}") = "02. Judge", "02. Judge\02. Judge.csproj", "{090926E5-1F81-4F03-9656-C25EE16F3D14}"
EndProject
Project("{FAE04EC0-301F-11D3-BF4B-00C04F79EFBC}") = "03. MOBA Challenger", "03. MOBA Challenger\03. MOBA Challenger.csproj", "{0EAFD652-B147-43FC-93CD-C2D9E34D9392}"
EndProject
Project("{FAE04EC0-301F-11D3-BF4B-00C04F79EFBC}") = "04. Snowwhite", "04. Snowwhite\04. Snowwhite.csproj", "{D72934AB-44E6-455B-83E4-E97D7B4E19C5}"
EndProject
Project("{FAE04EC0-301F-11D3-BF4B-00C04F79EFBC}") = "05. Dragon Army", "05. Dragon Army\05. Dragon Army.csproj", "{4B61D563-B2A1-40DC-A9CE-37CC063BD0F4}"
EndProject
Global
	GlobalSection(SolutionConfigurationPlatforms) = preSolution
		Debug|Any CPU = Debug|Any CPU
		Release|Any CPU = Release|Any CPU
	EndGlobalSection
	GlobalSection(ProjectConfigurationPlatforms) = postSolution
		{1E2FF280-B930-4AED-9EE9-09B1936E6EE2}.Debug|Any CPU.ActiveCfg = Debug|Any CPU
		{1E2FF280-B930-4AED-9EE9-09B1936E6EE2}.Debug|Any CPU.Build.0 = Debug|Any CPU
		{1E2FF280-B930-4AED-9EE9-09B1936E6EE2}.Release|Any CPU.ActiveCfg = Release|Any CPU
		{1E2FF280-B930-4AED-9EE9-09B1936E6EE2}.Release|Any CPU.Build.0 = Release|Any CPU
		{090926E5-1F81-4F03-9656-C25EE16F3D14}.Debug|Any CPU.ActiveCfg = Debug|Any CPU
		{090926E5-1F81-4F03-9656-C25EE16F3D14}.Debug|Any CPU.Build.0 = Debug|Any CPU
		{090926E5-1F81-4F03-9656-C25EE16F3D14}.Release|Any CPU.ActiveCfg = Release|Any CPU
		{090926E5-1F81-4F03-9656-C25EE16F3D14}.Release|Any CPU.Build.0 = Release|Any CPU
		{0EAFD652-B147-43FC-93CD-C2D9E34D9392}.Debug|Any CPU.ActiveCfg = Debug|Any CPU
		{0EAFD652-B147-43FC-93CD-C2D9E34D9392}.Debug|Any CPU.Build.0 = Debug|Any CPU
		{0EAFD652-B147-43FC-93CD-C2D9E34D9392}.Release|Any CPU.ActiveCfg = Release|Any CPU
		{0EAFD652-B147-43FC-93CD-C2D9E34D9392}.Release|Any CPU.Build.0 = Release|Any CPU
		{D72934AB-44E6-455B-83E4-E97D7B4E19C5}.Debug|Any CPU.ActiveCfg = Debug|Any CPU
		{D72934AB-44E6-455B-83E4-E97D7B4E19C5}.Debug|Any CPU.Build.0 = Debug|Any CPU
		{D72934AB-44E6-455B-83E4-E97D7B4E19C5}.Release|Any CPU.ActiveCfg = Release|Any CPU
		{D72934AB-44E6-455B-83E4-E97D7B4E19C5}.Release|Any CPU.Build.0 = Release|Any CPU
		{4B61D563-B2A1-40DC-A9CE-37CC063BD0F4}.Debug|Any CPU.ActiveCfg = Debug|Any CPU
		{4B61D563-B2A1-40DC-A9CE-37CC063BD0F4}.Debug|Any CPU.Build.0 = Debug|Any CPU
		{4B61D563-B2A1-40DC-A9CE-37CC063BD0F4}.Release|Any CPU.ActiveCfg = Release|Any CPU
		{4B61D563-B2A1-40DC-A9CE-37CC063BD0F4}.Release|Any CPU.Build.0 = Release|Any CPU
	EndGlobalSection
	GlobalSection(SolutionProperties) = preSolution
		HideSolutionNode = FALSE
	EndGlobalSection
	GlobalSection(ExtensibilityGlobals) = postSolution
		SolutionGuid = {F9367A58-0F00-4C2E-BB61-EE913ECD9C44}
	EndGlobalSection
EndGlobal
