
Microsoft Visual Studio Solution File, Format Version 12.00
# Visual Studio Version 17
VisualStudioVersion = 17.0.32014.148
MinimumVisualStudioVersion = 10.0.40219.1
Project("{9A19103F-16F7-4668-BE54-9A1E7A4F7556}") = "01. Password Reset", "01. Password Reset\01. Password Reset.csproj", "{D1ADA36E-4DD1-45BF-9F64-FBA250AD802A}"
EndProject
Project("{9A19103F-16F7-4668-BE54-9A1E7A4F7556}") = "03. Heroes of Code and Logic VII", "03. Heroes of Code and Logic VII\03. Heroes of Code and Logic VII.csproj", "{C4CC326A-6499-401D-870A-36A7CB218EE0}"
EndProject
Project("{FAE04EC0-301F-11D3-BF4B-00C04F79EFBC}") = "02. Fancy Barcodes", "02. Fancy Barcodes\02. Fancy Barcodes.csproj", "{FDA90C96-F0BA-4588-B436-1641101296ED}"
EndProject
Global
	GlobalSection(SolutionConfigurationPlatforms) = preSolution
		Debug|Any CPU = Debug|Any CPU
		Release|Any CPU = Release|Any CPU
	EndGlobalSection
	GlobalSection(ProjectConfigurationPlatforms) = postSolution
		{D1ADA36E-4DD1-45BF-9F64-FBA250AD802A}.Debug|Any CPU.ActiveCfg = Debug|Any CPU
		{D1ADA36E-4DD1-45BF-9F64-FBA250AD802A}.Debug|Any CPU.Build.0 = Debug|Any CPU
		{D1ADA36E-4DD1-45BF-9F64-FBA250AD802A}.Release|Any CPU.ActiveCfg = Release|Any CPU
		{D1ADA36E-4DD1-45BF-9F64-FBA250AD802A}.Release|Any CPU.Build.0 = Release|Any CPU
		{C4CC326A-6499-401D-870A-36A7CB218EE0}.Debug|Any CPU.ActiveCfg = Debug|Any CPU
		{C4CC326A-6499-401D-870A-36A7CB218EE0}.Debug|Any CPU.Build.0 = Debug|Any CPU
		{C4CC326A-6499-401D-870A-36A7CB218EE0}.Release|Any CPU.ActiveCfg = Release|Any CPU
		{C4CC326A-6499-401D-870A-36A7CB218EE0}.Release|Any CPU.Build.0 = Release|Any CPU
		{FDA90C96-F0BA-4588-B436-1641101296ED}.Debug|Any CPU.ActiveCfg = Debug|Any CPU
		{FDA90C96-F0BA-4588-B436-1641101296ED}.Debug|Any CPU.Build.0 = Debug|Any CPU
		{FDA90C96-F0BA-4588-B436-1641101296ED}.Release|Any CPU.ActiveCfg = Release|Any CPU
		{FDA90C96-F0BA-4588-B436-1641101296ED}.Release|Any CPU.Build.0 = Release|Any CPU
	EndGlobalSection
	GlobalSection(SolutionProperties) = preSolution
		HideSolutionNode = FALSE
	EndGlobalSection
	GlobalSection(ExtensibilityGlobals) = postSolution
		SolutionGuid = {E6B57118-A7FD-49C7-8CE5-1F02A81C077A}
	EndGlobalSection
EndGlobal
